
Microsoft Visual Studio Solution File, Format Version 12.00
# Visual Studio Version 17
VisualStudioVersion = 17.4.33213.308
MinimumVisualStudioVersion = 10.0.40219.1
Project("{FAE04EC0-301F-11D3-BF4B-00C04F79EFBC}") = "BasicService", "BasicService\BasicService.csproj", "{3F859ED7-E07D-4B32-A033-4D707193B378}"
EndProject
Global
	GlobalSection(SolutionConfigurationPlatforms) = preSolution
		Debug|Any CPU = Debug|Any CPU
		Release|Any CPU = Release|Any CPU
	EndGlobalSection
	GlobalSection(ProjectConfigurationPlatforms) = postSolution
		{3F859ED7-E07D-4B32-A033-4D707193B378}.Debug|Any CPU.ActiveCfg = Debug|Any CPU
		{3F859ED7-E07D-4B32-A033-4D707193B378}.Debug|Any CPU.Build.0 = Debug|Any CPU
		{3F859ED7-E07D-4B32-A033-4D707193B378}.Release|Any CPU.ActiveCfg = Release|Any CPU
		{3F859ED7-E07D-4B32-A033-4D707193B378}.Release|Any CPU.Build.0 = Release|Any CPU
	EndGlobalSection
	GlobalSection(SolutionProperties) = preSolution
		HideSolutionNode = FALSE
	EndGlobalSection
	GlobalSection(ExtensibilityGlobals) = postSolution
		SolutionGuid = {45DB5B78-6B53-4278-8020-95A06D8DAD83}
	EndGlobalSection
EndGlobal
